
Microsoft Visual Studio Solution File, Format Version 12.00
# Visual Studio Version 17
VisualStudioVersion = 17.3.32922.545
MinimumVisualStudioVersion = 10.0.40219.1
Project("{9A19103F-16F7-4668-BE54-9A1E7A4F7556}") = "DataAccess", "DataAccess\DataAccess.csproj", "{61D04FF7-C2BE-40DF-B074-2387922713BC}"
EndProject
Project("{9A19103F-16F7-4668-BE54-9A1E7A4F7556}") = "Business", "Business\Business.csproj", "{BD206C25-FFE2-452A-944D-01DA435C11FC}"
EndProject
Project("{9A19103F-16F7-4668-BE54-9A1E7A4F7556}") = "Entities", "Entities\Entities.csproj", "{2718EBE9-BDBF-4BC0-94B3-4E920B54055F}"
EndProject
Project("{9A19103F-16F7-4668-BE54-9A1E7A4F7556}") = "Core", "Core\Core.csproj", "{7E52B273-35E2-4AAA-82BD-568DD25E2179}"
EndProject
Project("{9A19103F-16F7-4668-BE54-9A1E7A4F7556}") = "WebAPI", "WepAPI\WebAPI.csproj", "{94B4894A-43E8-41A9-ACB2-7C59A28BAF7D}"
EndProject
Global
	GlobalSection(SolutionConfigurationPlatforms) = preSolution
		Debug|Any CPU = Debug|Any CPU
		Release|Any CPU = Release|Any CPU
	EndGlobalSection
	GlobalSection(ProjectConfigurationPlatforms) = postSolution
		{61D04FF7-C2BE-40DF-B074-2387922713BC}.Debug|Any CPU.ActiveCfg = Debug|Any CPU
		{61D04FF7-C2BE-40DF-B074-2387922713BC}.Debug|Any CPU.Build.0 = Debug|Any CPU
		{61D04FF7-C2BE-40DF-B074-2387922713BC}.Release|Any CPU.ActiveCfg = Release|Any CPU
		{61D04FF7-C2BE-40DF-B074-2387922713BC}.Release|Any CPU.Build.0 = Release|Any CPU
		{BD206C25-FFE2-452A-944D-01DA435C11FC}.Debug|Any CPU.ActiveCfg = Debug|Any CPU
		{BD206C25-FFE2-452A-944D-01DA435C11FC}.Debug|Any CPU.Build.0 = Debug|Any CPU
		{BD206C25-FFE2-452A-944D-01DA435C11FC}.Release|Any CPU.ActiveCfg = Release|Any CPU
		{BD206C25-FFE2-452A-944D-01DA435C11FC}.Release|Any CPU.Build.0 = Release|Any CPU
		{2718EBE9-BDBF-4BC0-94B3-4E920B54055F}.Debug|Any CPU.ActiveCfg = Debug|Any CPU
		{2718EBE9-BDBF-4BC0-94B3-4E920B54055F}.Debug|Any CPU.Build.0 = Debug|Any CPU
		{2718EBE9-BDBF-4BC0-94B3-4E920B54055F}.Release|Any CPU.ActiveCfg = Release|Any CPU
		{2718EBE9-BDBF-4BC0-94B3-4E920B54055F}.Release|Any CPU.Build.0 = Release|Any CPU
		{7E52B273-35E2-4AAA-82BD-568DD25E2179}.Debug|Any CPU.ActiveCfg = Debug|Any CPU
		{7E52B273-35E2-4AAA-82BD-568DD25E2179}.Debug|Any CPU.Build.0 = Debug|Any CPU
		{7E52B273-35E2-4AAA-82BD-568DD25E2179}.Release|Any CPU.ActiveCfg = Release|Any CPU
		{7E52B273-35E2-4AAA-82BD-568DD25E2179}.Release|Any CPU.Build.0 = Release|Any CPU
		{94B4894A-43E8-41A9-ACB2-7C59A28BAF7D}.Debug|Any CPU.ActiveCfg = Debug|Any CPU
		{94B4894A-43E8-41A9-ACB2-7C59A28BAF7D}.Debug|Any CPU.Build.0 = Debug|Any CPU
		{94B4894A-43E8-41A9-ACB2-7C59A28BAF7D}.Release|Any CPU.ActiveCfg = Release|Any CPU
		{94B4894A-43E8-41A9-ACB2-7C59A28BAF7D}.Release|Any CPU.Build.0 = Release|Any CPU
	EndGlobalSection
	GlobalSection(SolutionProperties) = preSolution
		HideSolutionNode = FALSE
	EndGlobalSection
	GlobalSection(ExtensibilityGlobals) = postSolution
		SolutionGuid = {217081E1-3F1E-4852-88C0-76C5EE0133C9}
	EndGlobalSection
EndGlobal
